
Microsoft Visual Studio Solution File, Format Version 12.00
# Visual Studio Version 16
VisualStudioVersion = 16.0.32510.428
MinimumVisualStudioVersion = 10.0.40219.1
Project("{FAE04EC0-301F-11D3-BF4B-00C04F79EFBC}") = "WebAPI_EFHospital", "WebAPI_EFHospital\WebAPI_EFHospital.csproj", "{3B877EA2-54EF-42B0-A7B5-692D9E31E6A0}"
EndProject
Global
	GlobalSection(SolutionConfigurationPlatforms) = preSolution
		Debug|Any CPU = Debug|Any CPU
		Release|Any CPU = Release|Any CPU
	EndGlobalSection
	GlobalSection(ProjectConfigurationPlatforms) = postSolution
		{3B877EA2-54EF-42B0-A7B5-692D9E31E6A0}.Debug|Any CPU.ActiveCfg = Debug|Any CPU
		{3B877EA2-54EF-42B0-A7B5-692D9E31E6A0}.Debug|Any CPU.Build.0 = Debug|Any CPU
		{3B877EA2-54EF-42B0-A7B5-692D9E31E6A0}.Release|Any CPU.ActiveCfg = Release|Any CPU
		{3B877EA2-54EF-42B0-A7B5-692D9E31E6A0}.Release|Any CPU.Build.0 = Release|Any CPU
	EndGlobalSection
	GlobalSection(SolutionProperties) = preSolution
		HideSolutionNode = FALSE
	EndGlobalSection
	GlobalSection(ExtensibilityGlobals) = postSolution
		SolutionGuid = {F7D2A2C4-9E0E-4657-8DB3-8A74853910F5}
	EndGlobalSection
EndGlobal
